{
  "version": 4,
  "terraform_version": "0.13.1",
  "serial": 111,
  "lineage": "8d0d0df0-ab3f-569b-fa09-2b1bbe3e14e7",
  "outputs": {
    "Event_Rule": {
      "value": "arn:aws:events:us-west-1:475600362560:rule/get_resources_rule",
      "type": "string"
    },
    "Lambda_Function": {
      "value": "arn:aws:lambda:us-west-1:475600362560:function:lambdaFuncGetResources",
      "type": "string"
    },
    "Lambda_IAM_Role": {
      "value": "lambda_get_resources_role",
      "type": "string"
    }
  },
  "resources": [
    {
      "mode": "managed",
      "type": "aws_cloudwatch_event_rule",
      "name": "get_resources_rule",
      "provider": "provider[\"registry.terraform.io/hashicorp/aws\"]",
      "instances": [
        {
          "schema_version": 0,
          "attributes": {
            "arn": "arn:aws:events:us-west-1:475600362560:rule/get_resources_rule",
            "description": "schedule at regular intervals",
            "event_bus_name": "default",
            "event_pattern": null,
            "id": "get_resources_rule",
            "is_enabled": true,
            "name": "get_resources_rule",
            "name_prefix": "",
            "role_arn": "",
            "schedule_expression": "cron(48 11 * * ? *)",
            "tags": null,
            "tags_all": {}
          },
          "private": "bnVsbA=="
        }
      ]
    },
    {
      "mode": "managed",
      "type": "aws_cloudwatch_event_target",
      "name": "get-resources_target_rule",
      "provider": "provider[\"registry.terraform.io/hashicorp/aws\"]",
      "instances": [
        {
          "schema_version": 1,
          "attributes": {
            "arn": "arn:aws:lambda:us-west-1:475600362560:function:lambdaFuncGetResources",
            "batch_target": [],
            "dead_letter_config": [],
            "ecs_target": [],
            "event_bus_name": "default",
            "http_target": [],
            "id": "get_resources_rule-lambda",
            "input": "",
            "input_path": "",
            "input_transformer": [],
            "kinesis_target": [],
            "retry_policy": [],
            "role_arn": "",
            "rule": "get_resources_rule",
            "run_command_targets": [],
            "sqs_target": [],
            "target_id": "lambda"
          },
          "private": "eyJzY2hlbWFfdmVyc2lvbiI6IjEifQ==",
          "dependencies": [
            "aws_cloudwatch_event_rule.get_resources_rule",
            "aws_iam_role.lambda_get_resources_role",
            "aws_lambda_function.lambdaFuncGetResources"
          ]
        }
      ]
    },
    {
      "mode": "managed",
      "type": "aws_iam_role",
      "name": "lambda_get_resources_role",
      "provider": "provider[\"registry.terraform.io/hashicorp/aws\"]",
      "instances": [
        {
          "schema_version": 0,
          "attributes": {
            "arn": "arn:aws:iam::475600362560:role/lambda_get_resources_role",
            "assume_role_policy": "{\"Version\":\"2012-10-17\",\"Statement\":[{\"Sid\":\"\",\"Effect\":\"Allow\",\"Principal\":{\"Service\":\"lambda.amazonaws.com\"},\"Action\":\"sts:AssumeRole\"}]}",
            "create_date": "2021-07-02T11:52:57Z",
            "description": "",
            "force_detach_policies": false,
            "id": "lambda_get_resources_role",
            "inline_policy": [
              {
                "name": "",
                "policy": ""
              }
            ],
            "managed_policy_arns": [],
            "max_session_duration": 3600,
            "name": "lambda_get_resources_role",
            "name_prefix": null,
            "path": "/",
            "permissions_boundary": null,
            "tags": null,
            "tags_all": {},
            "unique_id": "AROAW5O75TRABF6QUQ4KO"
          },
          "private": "bnVsbA=="
        }
      ]
    },
    {
      "mode": "managed",
      "type": "aws_iam_role_policy",
      "name": "lambda_get_resources_policy",
      "provider": "provider[\"registry.terraform.io/hashicorp/aws\"]",
      "instances": [
        {
          "schema_version": 0,
          "attributes": {
            "id": "lambda_get_resources_role:lambda_get_resources_policy",
            "name": "lambda_get_resources_policy",
            "name_prefix": null,
            "policy": "{\"Statement\":[{\"Action\":\"ses:SendRawEmail\",\"Effect\":\"Allow\",\"Resource\":\"arn:aws:ses:*:475600362560:identity/*\",\"Sid\":\"VisualEditor0\"},{\"Action\":[\"tag:GetResources\",\"ses:VerifyEmailIdentity\",\"ec2:DescribeRegions\",\"ses:ListVerifiedEmailAddresses\"],\"Effect\":\"Allow\",\"Resource\":\"*\",\"Sid\":\"VisualEditor1\"}],\"Version\":\"2012-10-17\"}",
            "role": "lambda_get_resources_role"
          },
          "private": "bnVsbA==",
          "dependencies": [
            "aws_iam_role.lambda_get_resources_role"
          ]
        }
      ]
    },
    {
      "mode": "managed",
      "type": "aws_lambda_function",
      "name": "lambdaFuncGetResources",
      "provider": "provider[\"registry.terraform.io/hashicorp/aws\"]",
      "instances": [
        {
          "schema_version": 0,
          "attributes": {
            "arn": "arn:aws:lambda:us-west-1:475600362560:function:lambdaFuncGetResources",
            "code_signing_config_arn": "",
            "dead_letter_config": [],
            "description": "",
            "environment": [
              {
                "variables": {
                  "FILE": "resources.csv",
                  "FROM": "shraddha.jain@nagarro.com",
                  "REGION": "us-west-1",
                  "TO": "shraddha.jain@nagarro.com"
                }
              }
            ],
            "file_system_config": [],
            "filename": "poc.zip",
            "function_name": "lambdaFuncGetResources",
            "handler": "lambda_handler.lambda_handler",
            "id": "lambdaFuncGetResources",
            "image_config": [],
            "image_uri": "",
            "invoke_arn": "arn:aws:apigateway:us-west-1:lambda:path/2015-03-31/functions/arn:aws:lambda:us-west-1:475600362560:function:lambdaFuncGetResources/invocations",
            "kms_key_arn": "",
            "last_modified": "2021-07-02T11:53:08.697+0000",
            "layers": null,
            "memory_size": 512,
            "package_type": "Zip",
            "publish": false,
            "qualified_arn": "arn:aws:lambda:us-west-1:475600362560:function:lambdaFuncGetResources:$LATEST",
            "reserved_concurrent_executions": -1,
            "role": "arn:aws:iam::475600362560:role/lambda_get_resources_role",
            "runtime": "python3.7",
            "s3_bucket": null,
            "s3_key": null,
            "s3_object_version": null,
            "signing_job_arn": "",
            "signing_profile_version_arn": "",
            "source_code_hash": "D9UF96USh+Tug25dfyZYcRl0cUlt0erKc7I+M2yMtes=",
            "source_code_size": 1169,
            "tags": null,
            "tags_all": {},
            "timeout": 300,
            "timeouts": null,
            "tracing_config": [
              {
                "mode": "PassThrough"
              }
            ],
            "version": "$LATEST",
            "vpc_config": []
          },
          "private": "eyJlMmJmYjczMC1lY2FhLTExZTYtOGY4OC0zNDM2M2JjN2M0YzAiOnsiY3JlYXRlIjo2MDAwMDAwMDAwMDB9fQ==",
          "dependencies": [
            "aws_iam_role.lambda_get_resources_role"
          ]
        }
      ]
    },
    {
      "mode": "managed",
      "type": "aws_lambda_permission",
      "name": "allow_cloudwatch_to_call_target",
      "provider": "provider[\"registry.terraform.io/hashicorp/aws\"]",
      "instances": [
        {
          "schema_version": 0,
          "attributes": {
            "action": "lambda:InvokeFunction",
            "event_source_token": null,
            "function_name": "lambdaFuncGetResources",
            "id": "AllowExecutionFromCloudWatch",
            "principal": "events.amazonaws.com",
            "qualifier": "",
            "source_account": null,
            "source_arn": "arn:aws:events:us-west-1:475600362560:rule/get_resources_rule",
            "statement_id": "AllowExecutionFromCloudWatch",
            "statement_id_prefix": null
          },
          "private": "bnVsbA==",
          "dependencies": [
            "aws_cloudwatch_event_rule.get_resources_rule",
            "aws_iam_role.lambda_get_resources_role",
            "aws_lambda_function.lambdaFuncGetResources"
          ]
        }
      ]
    }
  ]
}
